
Microsoft Visual Studio Solution File, Format Version 12.00
# Visual Studio Version 16
VisualStudioVersion = 16.0.31313.79
MinimumVisualStudioVersion = 10.0.40219.1
Project("{9A19103F-16F7-4668-BE54-9A1E7A4F7556}") = "DataAccess", "DataAccess\DataAccess.csproj", "{2856285A-EB2B-4356-8072-129C521A8413}"
EndProject
Project("{9A19103F-16F7-4668-BE54-9A1E7A4F7556}") = "Business", "Business\Business.csproj", "{28D5BB9B-E08D-49DC-BEE6-69D51EC6FC85}"
EndProject
Project("{9A19103F-16F7-4668-BE54-9A1E7A4F7556}") = "Entities", "Entities\Entities.csproj", "{513CC518-0D56-4745-8CF3-4E91F1D8B38D}"
EndProject
Project("{9A19103F-16F7-4668-BE54-9A1E7A4F7556}") = "Core", "Core\Core.csproj", "{6119AABA-582C-42C5-8FC8-DACBFF4DFBE9}"
EndProject
Project("{9A19103F-16F7-4668-BE54-9A1E7A4F7556}") = "WebAPI", "WebAPI\WebAPI.csproj", "{72CC49D1-DF85-491C-911D-EB3F93E23E54}"
EndProject
Global
	GlobalSection(SolutionConfigurationPlatforms) = preSolution
		Debug|Any CPU = Debug|Any CPU
		Release|Any CPU = Release|Any CPU
	EndGlobalSection
	GlobalSection(ProjectConfigurationPlatforms) = postSolution
		{2856285A-EB2B-4356-8072-129C521A8413}.Debug|Any CPU.ActiveCfg = Debug|Any CPU
		{2856285A-EB2B-4356-8072-129C521A8413}.Debug|Any CPU.Build.0 = Debug|Any CPU
		{2856285A-EB2B-4356-8072-129C521A8413}.Release|Any CPU.ActiveCfg = Release|Any CPU
		{2856285A-EB2B-4356-8072-129C521A8413}.Release|Any CPU.Build.0 = Release|Any CPU
		{28D5BB9B-E08D-49DC-BEE6-69D51EC6FC85}.Debug|Any CPU.ActiveCfg = Debug|Any CPU
		{28D5BB9B-E08D-49DC-BEE6-69D51EC6FC85}.Debug|Any CPU.Build.0 = Debug|Any CPU
		{28D5BB9B-E08D-49DC-BEE6-69D51EC6FC85}.Release|Any CPU.ActiveCfg = Release|Any CPU
		{28D5BB9B-E08D-49DC-BEE6-69D51EC6FC85}.Release|Any CPU.Build.0 = Release|Any CPU
		{513CC518-0D56-4745-8CF3-4E91F1D8B38D}.Debug|Any CPU.ActiveCfg = Debug|Any CPU
		{513CC518-0D56-4745-8CF3-4E91F1D8B38D}.Debug|Any CPU.Build.0 = Debug|Any CPU
		{513CC518-0D56-4745-8CF3-4E91F1D8B38D}.Release|Any CPU.ActiveCfg = Release|Any CPU
		{513CC518-0D56-4745-8CF3-4E91F1D8B38D}.Release|Any CPU.Build.0 = Release|Any CPU
		{6119AABA-582C-42C5-8FC8-DACBFF4DFBE9}.Debug|Any CPU.ActiveCfg = Debug|Any CPU
		{6119AABA-582C-42C5-8FC8-DACBFF4DFBE9}.Debug|Any CPU.Build.0 = Debug|Any CPU
		{6119AABA-582C-42C5-8FC8-DACBFF4DFBE9}.Release|Any CPU.ActiveCfg = Release|Any CPU
		{6119AABA-582C-42C5-8FC8-DACBFF4DFBE9}.Release|Any CPU.Build.0 = Release|Any CPU
		{72CC49D1-DF85-491C-911D-EB3F93E23E54}.Debug|Any CPU.ActiveCfg = Debug|Any CPU
		{72CC49D1-DF85-491C-911D-EB3F93E23E54}.Debug|Any CPU.Build.0 = Debug|Any CPU
		{72CC49D1-DF85-491C-911D-EB3F93E23E54}.Release|Any CPU.ActiveCfg = Release|Any CPU
		{72CC49D1-DF85-491C-911D-EB3F93E23E54}.Release|Any CPU.Build.0 = Release|Any CPU
	EndGlobalSection
	GlobalSection(SolutionProperties) = preSolution
		HideSolutionNode = FALSE
	EndGlobalSection
	GlobalSection(ExtensibilityGlobals) = postSolution
		SolutionGuid = {4B8A0D6F-BAEE-49B5-AC7D-1C4F2C0AFFC4}
	EndGlobalSection
EndGlobal
